
Microsoft Visual Studio Solution File, Format Version 12.00
# Visual Studio Version 17
VisualStudioVersion = 17.7.34031.279
MinimumVisualStudioVersion = 10.0.40219.1
Project("{9A19103F-16F7-4668-BE54-9A1E7A4F7556}") = "RayTracer", "RayTracer\RayTracer.csproj", "{834A1D72-1F57-4C7D-A7FD-3A9E9916CFCD}"
EndProject
Project("{9A19103F-16F7-4668-BE54-9A1E7A4F7556}") = "RayTracer.Tests.Unit", "RayTracer.Tests.Unit\RayTracer.Tests.Unit.csproj", "{8F890CB2-A5EB-4ADD-9A59-3D6302DB78DA}"
EndProject
Project("{9A19103F-16F7-4668-BE54-9A1E7A4F7556}") = "ProjectileProgram.CLI", "ProjectileProgram\ProjectileProgram.CLI.csproj", "{4BF77BAA-6222-4CB3-A394-713D61F789FD}"
EndProject
Project("{2150E333-8FDC-42A3-9474-1A3956D46DE8}") = "TestPrograms", "TestPrograms", "{5EF8F723-0F78-4549-A0A5-14B27B45727F}"
EndProject
Global
	GlobalSection(SolutionConfigurationPlatforms) = preSolution
		Debug|Any CPU = Debug|Any CPU
		Release|Any CPU = Release|Any CPU
	EndGlobalSection
	GlobalSection(ProjectConfigurationPlatforms) = postSolution
		{834A1D72-1F57-4C7D-A7FD-3A9E9916CFCD}.Debug|Any CPU.ActiveCfg = Debug|Any CPU
		{834A1D72-1F57-4C7D-A7FD-3A9E9916CFCD}.Debug|Any CPU.Build.0 = Debug|Any CPU
		{834A1D72-1F57-4C7D-A7FD-3A9E9916CFCD}.Release|Any CPU.ActiveCfg = Release|Any CPU
		{834A1D72-1F57-4C7D-A7FD-3A9E9916CFCD}.Release|Any CPU.Build.0 = Release|Any CPU
		{8F890CB2-A5EB-4ADD-9A59-3D6302DB78DA}.Debug|Any CPU.ActiveCfg = Debug|Any CPU
		{8F890CB2-A5EB-4ADD-9A59-3D6302DB78DA}.Debug|Any CPU.Build.0 = Debug|Any CPU
		{8F890CB2-A5EB-4ADD-9A59-3D6302DB78DA}.Release|Any CPU.ActiveCfg = Release|Any CPU
		{8F890CB2-A5EB-4ADD-9A59-3D6302DB78DA}.Release|Any CPU.Build.0 = Release|Any CPU
		{4BF77BAA-6222-4CB3-A394-713D61F789FD}.Debug|Any CPU.ActiveCfg = Debug|Any CPU
		{4BF77BAA-6222-4CB3-A394-713D61F789FD}.Debug|Any CPU.Build.0 = Debug|Any CPU
		{4BF77BAA-6222-4CB3-A394-713D61F789FD}.Release|Any CPU.ActiveCfg = Release|Any CPU
		{4BF77BAA-6222-4CB3-A394-713D61F789FD}.Release|Any CPU.Build.0 = Release|Any CPU
	EndGlobalSection
	GlobalSection(SolutionProperties) = preSolution
		HideSolutionNode = FALSE
	EndGlobalSection
	GlobalSection(NestedProjects) = preSolution
		{4BF77BAA-6222-4CB3-A394-713D61F789FD} = {5EF8F723-0F78-4549-A0A5-14B27B45727F}
	EndGlobalSection
	GlobalSection(ExtensibilityGlobals) = postSolution
		SolutionGuid = {3EF37C13-6F1C-48E0-81FB-6B33FCD2D8DE}
	EndGlobalSection
EndGlobal
