
Microsoft Visual Studio Solution File, Format Version 12.00
# Visual Studio Version 17
VisualStudioVersion = 17.7.34031.279
MinimumVisualStudioVersion = 10.0.40219.1
Project("{FAE04EC0-301F-11D3-BF4B-00C04F79EFBC}") = "RayTracer", "RayTracer\RayTracer.csproj", "{834A1D72-1F57-4C7D-A7FD-3A9E9916CFCD}"
EndProject
Project("{FAE04EC0-301F-11D3-BF4B-00C04F79EFBC}") = "RayTracer.Tests.Unit", "RayTracer.Tests.Unit\RayTracer.Tests.Unit.csproj", "{8F890CB2-A5EB-4ADD-9A59-3D6302DB78DA}"
EndProject
Global
	GlobalSection(SolutionConfigurationPlatforms) = preSolution
		Debug|Any CPU = Debug|Any CPU
		Release|Any CPU = Release|Any CPU
	EndGlobalSection
	GlobalSection(ProjectConfigurationPlatforms) = postSolution
		{834A1D72-1F57-4C7D-A7FD-3A9E9916CFCD}.Debug|Any CPU.ActiveCfg = Debug|Any CPU
		{834A1D72-1F57-4C7D-A7FD-3A9E9916CFCD}.Debug|Any CPU.Build.0 = Debug|Any CPU
		{834A1D72-1F57-4C7D-A7FD-3A9E9916CFCD}.Release|Any CPU.ActiveCfg = Release|Any CPU
		{834A1D72-1F57-4C7D-A7FD-3A9E9916CFCD}.Release|Any CPU.Build.0 = Release|Any CPU
		{8F890CB2-A5EB-4ADD-9A59-3D6302DB78DA}.Debug|Any CPU.ActiveCfg = Debug|Any CPU
		{8F890CB2-A5EB-4ADD-9A59-3D6302DB78DA}.Debug|Any CPU.Build.0 = Debug|Any CPU
		{8F890CB2-A5EB-4ADD-9A59-3D6302DB78DA}.Release|Any CPU.ActiveCfg = Release|Any CPU
		{8F890CB2-A5EB-4ADD-9A59-3D6302DB78DA}.Release|Any CPU.Build.0 = Release|Any CPU
	EndGlobalSection
	GlobalSection(SolutionProperties) = preSolution
		HideSolutionNode = FALSE
	EndGlobalSection
	GlobalSection(ExtensibilityGlobals) = postSolution
		SolutionGuid = {3EF37C13-6F1C-48E0-81FB-6B33FCD2D8DE}
	EndGlobalSection
EndGlobal
